{
  "projects": [
    {
      "projectId": "gmeH6XgPaBtkt51HunAo4g",
      "version": "18.29.0",
      "dependencies": {},
      "lang": "ts",
      "fileLocks": [
        {
          "assetId": "gmeH6XgPaBtkt51HunAo4g",
          "type": "projectCss",
          "checksum": "a92f8a81c335659a69443e50fd02af8c"
        },
        {
          "assetId": "gmeH6XgPaBtkt51HunAo4g",
          "checksum": "12432bceef704021122cb8b3d2017760",
          "type": "projectModule"
        },
        {
          "assetId": "gmeH6XgPaBtkt51HunAo4g",
          "checksum": "905267af9b34a2cdd2edf0ef19ac31b2",
          "type": "styleTokensProvider"
        }
      ],
      "codegenVersion": "0.0.2"
    },
    {
      "projectId": "sXCRtjYKZPsLyt67ZBQv6B",
      "version": "latest",
      "dependencies": {
        "gmeH6XgPaBtkt51HunAo4g": "18.29.0",
        "84wxoth5npGrp6RRXPL88z": "4.36.0"
      },
      "lang": "ts",
      "fileLocks": [
        {
          "assetId": "sXCRtjYKZPsLyt67ZBQv6B",
          "checksum": "e060e5588359cb66dd7be3901498985e",
          "type": "projectModule"
        },
        {
          "assetId": "sXCRtjYKZPsLyt67ZBQv6B",
          "checksum": "2efcd5a5868c89dc22e07d7c46de2e66",
          "type": "styleTokensProvider"
        },
        {
          "type": "renderModule",
          "assetId": "_VyosKy2-Hc-",
          "checksum": "f2d1875947f2b367ba2ac80799b71d19"
        },
        {
          "type": "cssRules",
          "assetId": "_VyosKy2-Hc-",
          "checksum": "f2d1875947f2b367ba2ac80799b71d19"
        },
        {
          "type": "renderModule",
          "assetId": "1Tt0jBont_u8",
          "checksum": "f7b3a16b445a668aa7393c3589738e5c"
        },
        {
          "type": "cssRules",
          "assetId": "1Tt0jBont_u8",
          "checksum": "f7b3a16b445a668aa7393c3589738e5c"
        },
        {
          "type": "renderModule",
          "assetId": "9SNb2crmonGd",
          "checksum": "199171b78a5dd5fa227932698ce2f347"
        },
        {
          "type": "cssRules",
          "assetId": "9SNb2crmonGd",
          "checksum": "199171b78a5dd5fa227932698ce2f347"
        },
        {
          "type": "icon",
          "assetId": "gZuwXhxC2QAl",
          "checksum": "f5f906ff00c8406d95efcb18b78214ba"
        },
        {
          "type": "icon",
          "assetId": "wjngPrVRJ2Ty",
          "checksum": "e1539e6ea31fc97b712f6374b7e51101"
        },
        {
          "type": "icon",
          "assetId": "GURknJgSIsR8",
          "checksum": "8b15083376a0f0a87a333bc681baf2f5"
        },
        {
          "type": "icon",
          "assetId": "JlchEfaSEhHS",
          "checksum": "71266b0d0bf097298e823291a6229631"
        },
        {
          "type": "icon",
          "assetId": "fP6iYdc6JpYl",
          "checksum": "acec4f682b95792ab9b60adff3681b3f"
        },
        {
          "type": "icon",
          "assetId": "KZCHNfeHzfIf",
          "checksum": "a3401581cf34f16f6e5ac9a21e9f6cbe"
        },
        {
          "type": "icon",
          "assetId": "7EpIXNLVQs4_",
          "checksum": "36ac650860e80ea38e644700fc2af10d"
        },
        {
          "type": "image",
          "assetId": "W4I2BAhjFcvj",
          "checksum": "22553d9b46e0073d64f38b1826244a78"
        },
        {
          "type": "image",
          "assetId": "fyHrYjYwyKjY",
          "checksum": "75ce233b22647f8775cb357e158196a6"
        },
        {
          "type": "image",
          "assetId": "WmlouGvMoX1x",
          "checksum": "eccf746c5d6988b17010ecccd4c0351d"
        },
        {
          "type": "image",
          "assetId": "5o_8LTEKhzmr",
          "checksum": "8235e31e36afb4cb8754a803e056dbd8"
        },
        {
          "type": "image",
          "assetId": "47--CTLS8Wo3",
          "checksum": "03000440afc8e330b88b85d98c47e324"
        },
        {
          "type": "image",
          "assetId": "tARfUCz-Yhzs",
          "checksum": "270f7ebaaaa83dc71f4eae145154a356"
        },
        {
          "type": "image",
          "assetId": "nL-J-j6XIJYF",
          "checksum": "980135db9f1b887f0944cc05a7ccc12b"
        },
        {
          "type": "image",
          "assetId": "Bv5Yl7ySQVF4",
          "checksum": "77a23b6d4e8b3f4cab3d7aacdeecfc00"
        },
        {
          "type": "image",
          "assetId": "DF7_NnSdtcTB",
          "checksum": "5e75215cccc11150e2dd74871a98132b"
        },
        {
          "type": "image",
          "assetId": "tjCjHGczztQr",
          "checksum": "b2a730e8b2eb25fd695d8990716d4c2d"
        },
        {
          "type": "image",
          "assetId": "9raWaD-oHjOF",
          "checksum": "485a3baf583d5c6f9253d37a3d676d87"
        },
        {
          "type": "image",
          "assetId": "o5QWYKJVX5PQ",
          "checksum": "97e909538079c6edbb2d8f05808bb1cf"
        },
        {
          "type": "image",
          "assetId": "nu90VLKTsiad",
          "checksum": "d8de963fc18af1c52491d100c2c4c1c7"
        },
        {
          "type": "image",
          "assetId": "negUk0K59i6p",
          "checksum": "82171054faf5a4691bf95eb1ec8d0574"
        },
        {
          "type": "image",
          "assetId": "A2RtkSz3iT8s",
          "checksum": "ca76c6a36bffba8fe4ed52f6619c737b"
        },
        {
          "type": "image",
          "assetId": "304Qs1HJhW8G",
          "checksum": "486568312a53a4e035ef7c4fa88773bb"
        },
        {
          "type": "image",
          "assetId": "qgOM8zgv4cot",
          "checksum": "5ebe04a497cfc1e712457d2b4b9324ee"
        },
        {
          "type": "image",
          "assetId": "BufYUvtJiYNV",
          "checksum": "3e1d19127320fef04e8220685d688b7b"
        },
        {
          "type": "image",
          "assetId": "1s7z4zi12bSN",
          "checksum": "b7a8d24be082ee5b28c665b071070114"
        },
        {
          "type": "image",
          "assetId": "8AoCEvO87CVR",
          "checksum": "8cf42d65b4a912a488d4d4787eeec3cf"
        },
        {
          "type": "image",
          "assetId": "J4kwe1v3QVmY",
          "checksum": "ca1b4304a543c6f809eee4cad513c4a8"
        },
        {
          "type": "image",
          "assetId": "HwNyYfA3lfm-",
          "checksum": "d5f3f8be190ac3c6844b07eb70bfe366"
        },
        {
          "type": "image",
          "assetId": "Ox7JOByBsU9L",
          "checksum": "5fa20cc7287a365560b440962295bec9"
        },
        {
          "type": "image",
          "assetId": "uZZiPobxbTne",
          "checksum": "2c83aaafb26e1ed2e835fc6d9d87146e"
        },
        {
          "type": "image",
          "assetId": "Y3USN8q84LrO",
          "checksum": "4835800a16399ef67fcc4929d2d0d728"
        },
        {
          "type": "image",
          "assetId": "0q-soEvOYsU_",
          "checksum": "bbfa53c0d3ca193dedba71d7c173db4d"
        },
        {
          "type": "image",
          "assetId": "nPNJXaIczikE",
          "checksum": "08805ac27d4e45849f304e61e9360306"
        },
        {
          "type": "image",
          "assetId": "CTcCik0td1Z0",
          "checksum": "b994e948e0b5527aad32e1b6e0646bb5"
        },
        {
          "type": "image",
          "assetId": "Sw2KATOGxvJe",
          "checksum": "bd252ff57c7b678d7fecbf0227a11213"
        },
        {
          "type": "image",
          "assetId": "mjBg3TfF8mN0",
          "checksum": "8e47b9f883b954c7d8a9fd2248da0f3c"
        },
        {
          "type": "image",
          "assetId": "OGzakTt8UIaD",
          "checksum": "2719c30c535dafdae31d9ec467c93f9d"
        },
        {
          "type": "image",
          "assetId": "3dSpjFXzxud1",
          "checksum": "ef361a4468513082da7490c01d1583ff"
        },
        {
          "type": "image",
          "assetId": "iQoR7ZlK_7yJ",
          "checksum": "89636b7f23718ad449dba46f670d0c64"
        },
        {
          "type": "image",
          "assetId": "LOwtKRrjROd8",
          "checksum": "7430da154c518a88031670bd55931ac7"
        },
        {
          "type": "image",
          "assetId": "-l3a65JjizXS",
          "checksum": "b2fc85d1e884b46e04b333aa0e40b6ca"
        },
        {
          "type": "image",
          "assetId": "W-jKOF-ag67g",
          "checksum": "637df15d9bf95ddfe5932b9f7dbf5d90"
        },
        {
          "assetId": "sXCRtjYKZPsLyt67ZBQv6B",
          "type": "projectCss",
          "checksum": "8a8d075aa9d3acfb63fcbb85add00da5"
        },
        {
          "assetId": "sXCRtjYKZPsLyt67ZBQv6B",
          "checksum": "45be53f8f2dd2bb147e1ab31e3153765",
          "type": "globalContexts"
        },
        {
          "type": "renderModule",
          "assetId": "ZVEi9idvlzT1",
          "checksum": "4b61522e5706b7ead780143fc8dade89"
        },
        {
          "type": "cssRules",
          "assetId": "ZVEi9idvlzT1",
          "checksum": "4b61522e5706b7ead780143fc8dade89"
        },
        {
          "type": "icon",
          "assetId": "-0XBiYJxiCyg",
          "checksum": "6133e1d590a681f440ca97caef7e3130"
        },
        {
          "type": "image",
          "assetId": "N-0juL1SFwVH",
          "checksum": "c312ac5ecc29859d7a1c837095072adc"
        },
        {
          "type": "image",
          "assetId": "1ZVn6SXqSHVl",
          "checksum": "3c33f086c1a65e9b1f3d3d929cc6f0ee"
        }
      ],
      "codegenVersion": "0.0.2"
    },
    {
      "projectId": "84wxoth5npGrp6RRXPL88z",
      "version": "4.36.0",
      "dependencies": {},
      "lang": "ts",
      "fileLocks": [
        {
          "assetId": "84wxoth5npGrp6RRXPL88z",
          "type": "projectCss",
          "checksum": "6cfe1fb765150bacb1010484d7c3f5a8"
        },
        {
          "assetId": "84wxoth5npGrp6RRXPL88z",
          "checksum": "fc1607072f62c6b32cdd98c507927289",
          "type": "globalContexts"
        },
        {
          "assetId": "84wxoth5npGrp6RRXPL88z",
          "checksum": "a11272e95da1b7718f1bb57cc1ac67b8",
          "type": "projectModule"
        },
        {
          "assetId": "84wxoth5npGrp6RRXPL88z",
          "checksum": "faa4524b3fa2eacfa1171aaf6bf3a257",
          "type": "styleTokensProvider"
        }
      ],
      "codegenVersion": "0.0.2"
    }
  ],
  "cliVersion": "0.1.356"
}
