{
  "projects": [
    {
      "projectId": "gmeH6XgPaBtkt51HunAo4g",
      "version": "18.29.0",
      "dependencies": {},
      "lang": "ts",
      "fileLocks": [
        {
          "assetId": "gmeH6XgPaBtkt51HunAo4g",
          "type": "projectCss",
          "checksum": "a92f8a81c335659a69443e50fd02af8c"
        },
        {
          "assetId": "gmeH6XgPaBtkt51HunAo4g",
          "checksum": "12432bceef704021122cb8b3d2017760",
          "type": "projectModule"
        },
        {
          "assetId": "gmeH6XgPaBtkt51HunAo4g",
          "checksum": "905267af9b34a2cdd2edf0ef19ac31b2",
          "type": "styleTokensProvider"
        }
      ],
      "codegenVersion": "0.0.2"
    },
    {
      "projectId": "sXCRtjYKZPsLyt67ZBQv6B",
      "version": "latest",
      "dependencies": {
        "gmeH6XgPaBtkt51HunAo4g": "18.29.0",
        "84wxoth5npGrp6RRXPL88z": "4.36.0",
        "caTPwKxj5ZrD9LQ7DMdK4Z": "3.48.0",
        "hjKYmYi6HMwK6TRyk7ew5R": "6.48.0",
        "7nJ7UcFmq9UzB6eXfC5z4a": "0.37.0",
        "ohDidvG9XsCeFumugENU3J": "6.36.0",
        "jkU633o1Cz7HrJdwdxhVHk": "16.19.0",
        "9Vr5YWkf3w7jj6SsTcCEta": "0.19.0"
      },
      "lang": "ts",
      "fileLocks": [
        {
          "assetId": "sXCRtjYKZPsLyt67ZBQv6B",
          "checksum": "e060e5588359cb66dd7be3901498985e",
          "type": "projectModule"
        },
        {
          "assetId": "sXCRtjYKZPsLyt67ZBQv6B",
          "checksum": "e532193c57eb40c54b971109b26c41f3",
          "type": "styleTokensProvider"
        },
        {
          "type": "renderModule",
          "assetId": "_VyosKy2-Hc-",
          "checksum": "4ad7c0ed94914de95c49b3595a6337d5"
        },
        {
          "type": "cssRules",
          "assetId": "_VyosKy2-Hc-",
          "checksum": "4ad7c0ed94914de95c49b3595a6337d5"
        },
        {
          "type": "icon",
          "assetId": "gZuwXhxC2QAl",
          "checksum": "f5f906ff00c8406d95efcb18b78214ba"
        },
        {
          "type": "icon",
          "assetId": "wjngPrVRJ2Ty",
          "checksum": "e1539e6ea31fc97b712f6374b7e51101"
        },
        {
          "type": "icon",
          "assetId": "GURknJgSIsR8",
          "checksum": "8b15083376a0f0a87a333bc681baf2f5"
        },
        {
          "type": "icon",
          "assetId": "JlchEfaSEhHS",
          "checksum": "71266b0d0bf097298e823291a6229631"
        },
        {
          "type": "icon",
          "assetId": "fP6iYdc6JpYl",
          "checksum": "acec4f682b95792ab9b60adff3681b3f"
        },
        {
          "type": "icon",
          "assetId": "KZCHNfeHzfIf",
          "checksum": "a3401581cf34f16f6e5ac9a21e9f6cbe"
        },
        {
          "type": "icon",
          "assetId": "7EpIXNLVQs4_",
          "checksum": "36ac650860e80ea38e644700fc2af10d"
        },
        {
          "type": "image",
          "assetId": "W4I2BAhjFcvj",
          "checksum": "22553d9b46e0073d64f38b1826244a78"
        },
        {
          "type": "image",
          "assetId": "fyHrYjYwyKjY",
          "checksum": "75ce233b22647f8775cb357e158196a6"
        },
        {
          "type": "image",
          "assetId": "WmlouGvMoX1x",
          "checksum": "eccf746c5d6988b17010ecccd4c0351d"
        },
        {
          "type": "image",
          "assetId": "5o_8LTEKhzmr",
          "checksum": "8235e31e36afb4cb8754a803e056dbd8"
        },
        {
          "type": "image",
          "assetId": "47--CTLS8Wo3",
          "checksum": "03000440afc8e330b88b85d98c47e324"
        },
        {
          "type": "image",
          "assetId": "tARfUCz-Yhzs",
          "checksum": "270f7ebaaaa83dc71f4eae145154a356"
        },
        {
          "type": "image",
          "assetId": "nL-J-j6XIJYF",
          "checksum": "980135db9f1b887f0944cc05a7ccc12b"
        },
        {
          "type": "image",
          "assetId": "Bv5Yl7ySQVF4",
          "checksum": "77a23b6d4e8b3f4cab3d7aacdeecfc00"
        },
        {
          "type": "image",
          "assetId": "DF7_NnSdtcTB",
          "checksum": "5e75215cccc11150e2dd74871a98132b"
        },
        {
          "type": "image",
          "assetId": "tjCjHGczztQr",
          "checksum": "b2a730e8b2eb25fd695d8990716d4c2d"
        },
        {
          "type": "image",
          "assetId": "9raWaD-oHjOF",
          "checksum": "485a3baf583d5c6f9253d37a3d676d87"
        },
        {
          "type": "image",
          "assetId": "o5QWYKJVX5PQ",
          "checksum": "97e909538079c6edbb2d8f05808bb1cf"
        },
        {
          "type": "image",
          "assetId": "nu90VLKTsiad",
          "checksum": "d8de963fc18af1c52491d100c2c4c1c7"
        },
        {
          "type": "image",
          "assetId": "negUk0K59i6p",
          "checksum": "82171054faf5a4691bf95eb1ec8d0574"
        },
        {
          "type": "image",
          "assetId": "A2RtkSz3iT8s",
          "checksum": "ca76c6a36bffba8fe4ed52f6619c737b"
        },
        {
          "type": "image",
          "assetId": "304Qs1HJhW8G",
          "checksum": "486568312a53a4e035ef7c4fa88773bb"
        },
        {
          "type": "image",
          "assetId": "qgOM8zgv4cot",
          "checksum": "5ebe04a497cfc1e712457d2b4b9324ee"
        },
        {
          "type": "image",
          "assetId": "BufYUvtJiYNV",
          "checksum": "3e1d19127320fef04e8220685d688b7b"
        },
        {
          "type": "image",
          "assetId": "1s7z4zi12bSN",
          "checksum": "b7a8d24be082ee5b28c665b071070114"
        },
        {
          "type": "image",
          "assetId": "8AoCEvO87CVR",
          "checksum": "8cf42d65b4a912a488d4d4787eeec3cf"
        },
        {
          "type": "image",
          "assetId": "J4kwe1v3QVmY",
          "checksum": "ca1b4304a543c6f809eee4cad513c4a8"
        },
        {
          "type": "image",
          "assetId": "HwNyYfA3lfm-",
          "checksum": "d5f3f8be190ac3c6844b07eb70bfe366"
        },
        {
          "type": "image",
          "assetId": "Ox7JOByBsU9L",
          "checksum": "5fa20cc7287a365560b440962295bec9"
        },
        {
          "type": "image",
          "assetId": "uZZiPobxbTne",
          "checksum": "2c83aaafb26e1ed2e835fc6d9d87146e"
        },
        {
          "type": "image",
          "assetId": "Y3USN8q84LrO",
          "checksum": "4835800a16399ef67fcc4929d2d0d728"
        },
        {
          "type": "image",
          "assetId": "0q-soEvOYsU_",
          "checksum": "bbfa53c0d3ca193dedba71d7c173db4d"
        },
        {
          "type": "image",
          "assetId": "nPNJXaIczikE",
          "checksum": "08805ac27d4e45849f304e61e9360306"
        },
        {
          "type": "image",
          "assetId": "CTcCik0td1Z0",
          "checksum": "b994e948e0b5527aad32e1b6e0646bb5"
        },
        {
          "type": "image",
          "assetId": "Sw2KATOGxvJe",
          "checksum": "bd252ff57c7b678d7fecbf0227a11213"
        },
        {
          "type": "image",
          "assetId": "mjBg3TfF8mN0",
          "checksum": "8e47b9f883b954c7d8a9fd2248da0f3c"
        },
        {
          "type": "image",
          "assetId": "OGzakTt8UIaD",
          "checksum": "2719c30c535dafdae31d9ec467c93f9d"
        },
        {
          "type": "image",
          "assetId": "3dSpjFXzxud1",
          "checksum": "ef361a4468513082da7490c01d1583ff"
        },
        {
          "type": "image",
          "assetId": "iQoR7ZlK_7yJ",
          "checksum": "89636b7f23718ad449dba46f670d0c64"
        },
        {
          "type": "image",
          "assetId": "LOwtKRrjROd8",
          "checksum": "7430da154c518a88031670bd55931ac7"
        },
        {
          "type": "image",
          "assetId": "-l3a65JjizXS",
          "checksum": "b2fc85d1e884b46e04b333aa0e40b6ca"
        },
        {
          "type": "image",
          "assetId": "W-jKOF-ag67g",
          "checksum": "637df15d9bf95ddfe5932b9f7dbf5d90"
        },
        {
          "assetId": "sXCRtjYKZPsLyt67ZBQv6B",
          "checksum": "c82081893df293d9d87180bc38d805af",
          "type": "globalContexts"
        },
        {
          "type": "renderModule",
          "assetId": "ZVEi9idvlzT1",
          "checksum": "4b61522e5706b7ead780143fc8dade89"
        },
        {
          "type": "cssRules",
          "assetId": "ZVEi9idvlzT1",
          "checksum": "4b61522e5706b7ead780143fc8dade89"
        },
        {
          "type": "icon",
          "assetId": "-0XBiYJxiCyg",
          "checksum": "6133e1d590a681f440ca97caef7e3130"
        },
        {
          "type": "image",
          "assetId": "N-0juL1SFwVH",
          "checksum": "c312ac5ecc29859d7a1c837095072adc"
        },
        {
          "type": "image",
          "assetId": "1ZVn6SXqSHVl",
          "checksum": "3c33f086c1a65e9b1f3d3d929cc6f0ee"
        },
        {
          "assetId": "sXCRtjYKZPsLyt67ZBQv6B",
          "type": "projectCss",
          "checksum": "822e7ef3d2bb9bfc00365347934d5a71"
        },
        {
          "type": "renderModule",
          "assetId": "2lZjt0zXZTOD",
          "checksum": "a549350e1b9d9c3fa3b22cb517ccf464"
        },
        {
          "type": "cssRules",
          "assetId": "2lZjt0zXZTOD",
          "checksum": "a549350e1b9d9c3fa3b22cb517ccf464"
        },
        {
          "type": "renderModule",
          "assetId": "v5rlei5vjymQ",
          "checksum": "d085843974f95ead7186627e0a85f880"
        },
        {
          "type": "cssRules",
          "assetId": "v5rlei5vjymQ",
          "checksum": "d085843974f95ead7186627e0a85f880"
        },
        {
          "type": "icon",
          "assetId": "NueNtKELqdOA",
          "checksum": "3cf73f00bbb6abafa92efad2f0ba417d"
        },
        {
          "type": "icon",
          "assetId": "x1VznO5OteXg",
          "checksum": "9048054ae03310f57f9ad6076164dee3"
        },
        {
          "type": "icon",
          "assetId": "p3g-H6pQ3hJf",
          "checksum": "f0351ae093975da93f644e88a80761b3"
        },
        {
          "type": "icon",
          "assetId": "8PF6-UHTxZ75",
          "checksum": "092e13876e717b71f0e86dc213eaee64"
        },
        {
          "type": "icon",
          "assetId": "5-WMc0CFCtNY",
          "checksum": "9a76af1d3adec21b6b55fcc18e68054a"
        },
        {
          "type": "image",
          "assetId": "pPuvJkVuDaHN",
          "checksum": "b04cde56bd6af0542397d9e7f1eff7e0"
        },
        {
          "type": "image",
          "assetId": "8vkNZJG7WKHT",
          "checksum": "f118ab42cc23fad88b6dca3b815fcf29"
        },
        {
          "type": "image",
          "assetId": "LZSI8OQIti7S",
          "checksum": "06b3444467908cf7ac6067ad6ccd4b5e"
        },
        {
          "type": "image",
          "assetId": "CuU75K6ho6YE",
          "checksum": "94353f9eeda0a4005899d4305fc200f7"
        }
      ],
      "codegenVersion": "0.0.2"
    },
    {
      "projectId": "84wxoth5npGrp6RRXPL88z",
      "version": "4.36.0",
      "dependencies": {},
      "lang": "ts",
      "fileLocks": [
        {
          "assetId": "84wxoth5npGrp6RRXPL88z",
          "type": "projectCss",
          "checksum": "6cfe1fb765150bacb1010484d7c3f5a8"
        },
        {
          "assetId": "84wxoth5npGrp6RRXPL88z",
          "checksum": "fc1607072f62c6b32cdd98c507927289",
          "type": "globalContexts"
        },
        {
          "assetId": "84wxoth5npGrp6RRXPL88z",
          "checksum": "a11272e95da1b7718f1bb57cc1ac67b8",
          "type": "projectModule"
        },
        {
          "assetId": "84wxoth5npGrp6RRXPL88z",
          "checksum": "faa4524b3fa2eacfa1171aaf6bf3a257",
          "type": "styleTokensProvider"
        }
      ],
      "codegenVersion": "0.0.2"
    },
    {
      "projectId": "9Vr5YWkf3w7jj6SsTcCEta",
      "version": "0.19.0",
      "dependencies": {},
      "lang": "ts",
      "fileLocks": [
        {
          "assetId": "9Vr5YWkf3w7jj6SsTcCEta",
          "type": "projectCss",
          "checksum": "a92f8a81c335659a69443e50fd02af8c"
        },
        {
          "assetId": "9Vr5YWkf3w7jj6SsTcCEta",
          "checksum": "dd0b3354afbd98e46382e0f357640901",
          "type": "projectModule"
        },
        {
          "assetId": "9Vr5YWkf3w7jj6SsTcCEta",
          "checksum": "03ac0c4c28373258a443b3cdcac6dc75",
          "type": "styleTokensProvider"
        }
      ],
      "codegenVersion": "0.0.2"
    },
    {
      "projectId": "jkU633o1Cz7HrJdwdxhVHk",
      "version": "16.19.0",
      "dependencies": {},
      "lang": "ts",
      "fileLocks": [
        {
          "assetId": "jkU633o1Cz7HrJdwdxhVHk",
          "type": "projectCss",
          "checksum": "85f25ea7fc605a951957b994266bf3eb"
        },
        {
          "assetId": "jkU633o1Cz7HrJdwdxhVHk",
          "checksum": "3360395d0903e45c2a5fde8c8bb81302",
          "type": "projectModule"
        },
        {
          "assetId": "jkU633o1Cz7HrJdwdxhVHk",
          "checksum": "61a4fbf50fe0925c9813beb45b554fa4",
          "type": "styleTokensProvider"
        }
      ],
      "codegenVersion": "0.0.2"
    },
    {
      "projectId": "ohDidvG9XsCeFumugENU3J",
      "version": "6.36.0",
      "dependencies": {},
      "lang": "ts",
      "fileLocks": [
        {
          "assetId": "ohDidvG9XsCeFumugENU3J",
          "type": "projectCss",
          "checksum": "3f9cfe65194658f53dac7546f4bf0ebe"
        },
        {
          "assetId": "ohDidvG9XsCeFumugENU3J",
          "checksum": "be3f0aaba617feb7e002ecfd303a0f73",
          "type": "globalContexts"
        },
        {
          "assetId": "ohDidvG9XsCeFumugENU3J",
          "checksum": "fb807fe3705f30ea295ebfad5287dd4b",
          "type": "projectModule"
        },
        {
          "assetId": "ohDidvG9XsCeFumugENU3J",
          "checksum": "2953fa9cf22c4af6fe2064c894bb4ed0",
          "type": "styleTokensProvider"
        }
      ],
      "codegenVersion": "0.0.2"
    },
    {
      "projectId": "7nJ7UcFmq9UzB6eXfC5z4a",
      "version": "0.37.0",
      "dependencies": {},
      "lang": "ts",
      "fileLocks": [
        {
          "assetId": "7nJ7UcFmq9UzB6eXfC5z4a",
          "type": "projectCss",
          "checksum": "f19f5b1ff8205c02fd704231628b3a5c"
        },
        {
          "assetId": "7nJ7UcFmq9UzB6eXfC5z4a",
          "checksum": "bd882956589ba7fcd035211989e13120",
          "type": "projectModule"
        },
        {
          "assetId": "7nJ7UcFmq9UzB6eXfC5z4a",
          "checksum": "dbc9f209a0ba9cdb073a64bb5f6710a4",
          "type": "styleTokensProvider"
        }
      ],
      "codegenVersion": "0.0.2"
    },
    {
      "projectId": "hjKYmYi6HMwK6TRyk7ew5R",
      "version": "6.48.0",
      "dependencies": {},
      "lang": "ts",
      "fileLocks": [
        {
          "assetId": "hjKYmYi6HMwK6TRyk7ew5R",
          "type": "projectCss",
          "checksum": "65fb7bcec63ae4e51fc5c1ebb7626412"
        },
        {
          "assetId": "hjKYmYi6HMwK6TRyk7ew5R",
          "checksum": "fc22da7d2d5ac9282315db9ed887f438",
          "type": "globalContexts"
        },
        {
          "assetId": "hjKYmYi6HMwK6TRyk7ew5R",
          "checksum": "20c7b88464f2ba9d61a14974124f4e40",
          "type": "projectModule"
        },
        {
          "assetId": "hjKYmYi6HMwK6TRyk7ew5R",
          "checksum": "a83095a57808d551b3ff9f5a42b897cd",
          "type": "styleTokensProvider"
        }
      ],
      "codegenVersion": "0.0.2"
    },
    {
      "projectId": "caTPwKxj5ZrD9LQ7DMdK4Z",
      "version": "3.48.0",
      "dependencies": {},
      "lang": "ts",
      "fileLocks": [
        {
          "assetId": "caTPwKxj5ZrD9LQ7DMdK4Z",
          "type": "projectCss",
          "checksum": "a92f8a81c335659a69443e50fd02af8c"
        },
        {
          "assetId": "caTPwKxj5ZrD9LQ7DMdK4Z",
          "checksum": "5f8b503a54d81c7ee5a80fe9a5b1455f",
          "type": "projectModule"
        },
        {
          "assetId": "caTPwKxj5ZrD9LQ7DMdK4Z",
          "checksum": "cd7bdaf60980e49795124209b8f29e44",
          "type": "styleTokensProvider"
        }
      ],
      "codegenVersion": "0.0.2"
    }
  ],
  "cliVersion": "0.1.356"
}
